// !$*UTF8*$!
{
	archiveVersion = 1;
	classes = {
	};
	objectVersion = 50;
	objects = {

/* Begin PBXBuildFile section */
		45757AF0235B1DF800D27743 /* AppDelegate.swift in Sources */ = {isa = PBXBuildFile; fileRef = 45757AEF235B1DF800D27743 /* AppDelegate.swift */; };
		45757AF2235B1DF800D27743 /* SceneDelegate.swift in Sources */ = {isa = PBXBuildFile; fileRef = 45757AF1235B1DF800D27743 /* SceneDelegate.swift */; };
		45757AF5235B1DF800D27743 /* project4_swiftUI.xcdatamodeld in Sources */ = {isa = PBXBuildFile; fileRef = 45757AF3235B1DF800D27743 /* project4_swiftUI.xcdatamodeld */; };
		45757AF7235B1DF800D27743 /* ContentView.swift in Sources */ = {isa = PBXBuildFile; fileRef = 45757AF6235B1DF800D27743 /* ContentView.swift */; };
		45757AF9235B1DFA00D27743 /* Assets.xcassets in Resources */ = {isa = PBXBuildFile; fileRef = 45757AF8235B1DFA00D27743 /* Assets.xcassets */; };
		45757AFC235B1DFA00D27743 /* Preview Assets.xcassets in Resources */ = {isa = PBXBuildFile; fileRef = 45757AFB235B1DFA00D27743 /* Preview Assets.xcassets */; };
		45757AFF235B1DFA00D27743 /* LaunchScreen.storyboard in Resources */ = {isa = PBXBuildFile; fileRef = 45757AFD235B1DFA00D27743 /* LaunchScreen.storyboard */; };
		45757B07235E269800D27743 /* SleepCalculator.mlmodel in Sources */ = {isa = PBXBuildFile; fileRef = 45757B06235E269700D27743 /* SleepCalculator.mlmodel */; };
		45757B0A235F568D00D27743 /* Simulator Screen Shot - iPhone 11 - 2019-10-22 at 17.20.11.png in Resources */ = {isa = PBXBuildFile; fileRef = 45757B08235F568D00D27743 /* Simulator Screen Shot - iPhone 11 - 2019-10-22 at 17.20.11.png */; };
		45757B0B235F568D00D27743 /* BetterRest.csv in Resources */ = {isa = PBXBuildFile; fileRef = 45757B09235F568D00D27743 /* BetterRest.csv */; };
		458DEA5123606C6E005BA940 /* Screen Recording 2019-10-23 at 13.08.54.mov in Resources */ = {isa = PBXBuildFile; fileRef = 458DEA5023606C6D005BA940 /* Screen Recording 2019-10-23 at 13.08.54.mov */; };
/* End PBXBuildFile section */

/* Begin PBXFileReference section */
		45757AEC235B1DF800D27743 /* project4-swiftUI.app */ = {isa = PBXFileReference; explicitFileType = wrapper.application; includeInIndex = 0; path = "project4-swiftUI.app"; sourceTree = BUILT_PRODUCTS_DIR; };
		45757AEF235B1DF800D27743 /* AppDelegate.swift */ = {isa = PBXFileReference; lastKnownFileType = sourcecode.swift; path = AppDelegate.swift; sourceTree = "<group>"; };
		45757AF1235B1DF800D27743 /* SceneDelegate.swift */ = {isa = PBXFileReference; lastKnownFileType = sourcecode.swift; path = SceneDelegate.swift; sourceTree = "<group>"; };
		45757AF4235B1DF800D27743 /* project4_swiftUI.xcdatamodel */ = {isa = PBXFileReference; lastKnownFileType = wrapper.xcdatamodel; path = project4_swiftUI.xcdatamodel; sourceTree = "<group>"; };
		45757AF6235B1DF800D27743 /* ContentView.swift */ = {isa = PBXFileReference; lastKnownFileType = sourcecode.swift; path = ContentView.swift; sourceTree = "<group>"; };
		45757AF8235B1DFA00D27743 /* Assets.xcassets */ = {isa = PBXFileReference; lastKnownFileType = folder.assetcatalog; path = Assets.xcassets; sourceTree = "<group>"; };
		45757AFB235B1DFA00D27743 /* Preview Assets.xcassets */ = {isa = PBXFileReference; lastKnownFileType = folder.assetcatalog; path = "Preview Assets.xcassets"; sourceTree = "<group>"; };
		45757AFE235B1DFA00D27743 /* Base */ = {isa = PBXFileReference; lastKnownFileType = file.storyboard; name = Base; path = Base.lproj/LaunchScreen.storyboard; sourceTree = "<group>"; };
		45757B00235B1DFA00D27743 /* Info.plist */ = {isa = PBXFileReference; lastKnownFileType = text.plist.xml; path = Info.plist; sourceTree = "<group>"; };
		45757B06235E269700D27743 /* SleepCalculator.mlmodel */ = {isa = PBXFileReference; lastKnownFileType = file.mlmodel; path = SleepCalculator.mlmodel; sourceTree = SOURCE_ROOT; };
		45757B08235F568D00D27743 /* Simulator Screen Shot - iPhone 11 - 2019-10-22 at 17.20.11.png */ = {isa = PBXFileReference; lastKnownFileType = image.png; path = "Simulator Screen Shot - iPhone 11 - 2019-10-22 at 17.20.11.png"; sourceTree = "<group>"; };
		45757B09235F568D00D27743 /* BetterRest.csv */ = {isa = PBXFileReference; fileEncoding = 4; lastKnownFileType = text; path = BetterRest.csv; sourceTree = "<group>"; };
		458DEA5023606C6D005BA940 /* Screen Recording 2019-10-23 at 13.08.54.mov */ = {isa = PBXFileReference; lastKnownFileType = video.quicktime; path = "Screen Recording 2019-10-23 at 13.08.54.mov"; sourceTree = "<group>"; };
/* End PBXFileReference section */

/* Begin PBXFrameworksBuildPhase section */
		45757AE9235B1DF800D27743 /* Frameworks */ = {
			isa = PBXFrameworksBuildPhase;
			buildActionMask = 2147483647;
			files = (
			);
			runOnlyForDeploymentPostprocessing = 0;
		};
/* End PBXFrameworksBuildPhase section */

/* Begin PBXGroup section */
		45757AE3235B1DF800D27743 = {
			isa = PBXGroup;
			children = (
				45757AEE235B1DF800D27743 /* project4-swiftUI */,
				45757AED235B1DF800D27743 /* Products */,
			);
			sourceTree = "<group>";
		};
		45757AED235B1DF800D27743 /* Products */ = {
			isa = PBXGroup;
			children = (
				45757AEC235B1DF800D27743 /* project4-swiftUI.app */,
			);
			name = Products;
			sourceTree = "<group>";
		};
		45757AEE235B1DF800D27743 /* project4-swiftUI */ = {
			isa = PBXGroup;
			children = (
				45757AEF235B1DF800D27743 /* AppDelegate.swift */,
				45757AF1235B1DF800D27743 /* SceneDelegate.swift */,
				45757AF6235B1DF800D27743 /* ContentView.swift */,
				458DEA5023606C6D005BA940 /* Screen Recording 2019-10-23 at 13.08.54.mov */,
				45757AF8235B1DFA00D27743 /* Assets.xcassets */,
				45757AFD235B1DFA00D27743 /* LaunchScreen.storyboard */,
				45757B09235F568D00D27743 /* BetterRest.csv */,
				45757B08235F568D00D27743 /* Simulator Screen Shot - iPhone 11 - 2019-10-22 at 17.20.11.png */,
				45757B06235E269700D27743 /* SleepCalculator.mlmodel */,
				45757B00235B1DFA00D27743 /* Info.plist */,
				45757AF3235B1DF800D27743 /* project4_swiftUI.xcdatamodeld */,
				45757AFA235B1DFA00D27743 /* Preview Content */,
			);
			path = "project4-swiftUI";
			sourceTree = "<group>";
		};
		45757AFA235B1DFA00D27743 /* Preview Content */ = {
			isa = PBXGroup;
			children = (
				45757AFB235B1DFA00D27743 /* Preview Assets.xcassets */,
			);
			path = "Preview Content";
			sourceTree = "<group>";
		};
/* End PBXGroup section */

/* Begin PBXNativeTarget section */
		45757AEB235B1DF800D27743 /* project4-swiftUI */ = {
			isa = PBXNativeTarget;
			buildConfigurationList = 45757B03235B1DFA00D27743 /* Build configuration list for PBXNativeTarget "project4-swiftUI" */;
			buildPhases = (
				45757AE8235B1DF800D27743 /* Sources */,
				45757AE9235B1DF800D27743 /* Frameworks */,
				45757AEA235B1DF800D27743 /* Resources */,
			);
			buildRules = (
			);
			dependencies = (
			);
			name = "project4-swiftUI";
			productName = "project4-swiftUI";
			productReference = 45757AEC235B1DF800D27743 /* project4-swiftUI.app */;
			productType = "com.apple.product-type.application";
		};
/* End PBXNativeTarget section */

/* Begin PBXProject section */
		45757AE4235B1DF800D27743 /* Project object */ = {
			isa = PBXProject;
			attributes = {
				LastSwiftUpdateCheck = 1100;
				LastUpgradeCheck = 1100;
				ORGANIZATIONNAME = "Laurent B";
				TargetAttributes = {
					45757AEB235B1DF800D27743 = {
						CreatedOnToolsVersion = 11.0;
					};
				};
			};
			buildConfigurationList = 45757AE7235B1DF800D27743 /* Build configuration list for PBXProject "project4-swiftUI" */;
			compatibilityVersion = "Xcode 9.3";
			developmentRegion = en;
			hasScannedForEncodings = 0;
			knownRegions = (
				en,
				Base,
			);
			mainGroup = 45757AE3235B1DF800D27743;
			productRefGroup = 45757AED235B1DF800D27743 /* Products */;
			projectDirPath = "";
			projectRoot = "";
			targets = (
				45757AEB235B1DF800D27743 /* project4-swiftUI */,
			);
		};
/* End PBXProject section */

/* Begin PBXResourcesBuildPhase section */
		45757AEA235B1DF800D27743 /* Resources */ = {
			isa = PBXResourcesBuildPhase;
			buildActionMask = 2147483647;
			files = (
				458DEA5123606C6E005BA940 /* Screen Recording 2019-10-23 at 13.08.54.mov in Resources */,
				45757B0B235F568D00D27743 /* BetterRest.csv in Resources */,
				45757AFF235B1DFA00D27743 /* LaunchScreen.storyboard in Resources */,
				45757AFC235B1DFA00D27743 /* Preview Assets.xcassets in Resources */,
				45757B0A235F568D00D27743 /* Simulator Screen Shot - iPhone 11 - 2019-10-22 at 17.20.11.png in Resources */,
				45757AF9235B1DFA00D27743 /* Assets.xcassets in Resources */,
			);
			runOnlyForDeploymentPostprocessing = 0;
		};
/* End PBXResourcesBuildPhase section */

/* Begin PBXSourcesBuildPhase section */
		45757AE8235B1DF800D27743 /* Sources */ = {
			isa = PBXSourcesBuildPhase;
			buildActionMask = 2147483647;
			files = (
				45757B07235E269800D27743 /* SleepCalculator.mlmodel in Sources */,
				45757AF5235B1DF800D27743 /* project4_swiftUI.xcdatamodeld in Sources */,
				45757AF0235B1DF800D27743 /* AppDelegate.swift in Sources */,
				45757AF7235B1DF800D27743 /* ContentView.swift in Sources */,
				45757AF2235B1DF800D27743 /* SceneDelegate.swift in Sources */,
			);
			runOnlyForDeploymentPostprocessing = 0;
		};
/* End PBXSourcesBuildPhase section */

/* Begin PBXVariantGroup section */
		45757AFD235B1DFA00D27743 /* LaunchScreen.storyboard */ = {
			isa = PBXVariantGroup;
			children = (
				45757AFE235B1DFA00D27743 /* Base */,
			);
			name = LaunchScreen.storyboard;
			sourceTree = "<group>";
		};
/* End PBXVariantGroup section */

/* Begin XCBuildConfiguration section */
		45757B01235B1DFA00D27743 /* Debug */ = {
			isa = XCBuildConfiguration;
			buildSettings = {
				ALWAYS_SEARCH_USER_PATHS = NO;
				CLANG_ANALYZER_NONNULL = YES;
				CLANG_ANALYZER_NUMBER_OBJECT_CONVERSION = YES_AGGRESSIVE;
				CLANG_CXX_LANGUAGE_STANDARD = "gnu++14";
				CLANG_CXX_LIBRARY = "libc++";
				CLANG_ENABLE_MODULES = YES;
				CLANG_ENABLE_OBJC_ARC = YES;
				CLANG_ENABLE_OBJC_WEAK = YES;
				CLANG_WARN_BLOCK_CAPTURE_AUTORELEASING = YES;
				CLANG_WARN_BOOL_CONVERSION = YES;
				CLANG_WARN_COMMA = YES;
				CLANG_WARN_CONSTANT_CONVERSION = YES;
				CLANG_WARN_DEPRECATED_OBJC_IMPLEMENTATIONS = YES;
				CLANG_WARN_DIRECT_OBJC_ISA_USAGE = YES_ERROR;
				CLANG_WARN_DOCUMENTATION_COMMENTS = YES;
				CLANG_WARN_EMPTY_BODY = YES;
				CLANG_WARN_ENUM_CONVERSION = YES;
				CLANG_WARN_INFINITE_RECURSION = YES;
				CLANG_WARN_INT_CONVERSION = YES;
				CLANG_WARN_NON_LITERAL_NULL_CONVERSION = YES;
				CLANG_WARN_OBJC_IMPLICIT_RETAIN_SELF = YES;
				CLANG_WARN_OBJC_LITERAL_CONVERSION = YES;
				CLANG_WARN_OBJC_ROOT_CLASS = YES_ERROR;
				CLANG_WARN_RANGE_LOOP_ANALYSIS = YES;
				CLANG_WARN_STRICT_PROTOTYPES = YES;
				CLANG_WARN_SUSPICIOUS_MOVE = YES;
				CLANG_WARN_UNGUARDED_AVAILABILITY = YES_AGGRESSIVE;
				CLANG_WARN_UNREACHABLE_CODE = YES;
				CLANG_WARN__DUPLICATE_METHOD_MATCH = YES;
				COPY_PHASE_STRIP = NO;
				DEBUG_INFORMATION_FORMAT = dwarf;
				ENABLE_STRICT_OBJC_MSGSEND = YES;
				ENABLE_TESTABILITY = YES;
				GCC_C_LANGUAGE_STANDARD = gnu11;
				GCC_DYNAMIC_NO_PIC = NO;
				GCC_NO_COMMON_BLOCKS = YES;
				GCC_OPTIMIZATION_LEVEL = 0;
				GCC_PREPROCESSOR_DEFINITIONS = (
					"DEBUG=1",
					"$(inherited)",
				);
				GCC_WARN_64_TO_32_BIT_CONVERSION = YES;
				GCC_WARN_ABOUT_RETURN_TYPE = YES_ERROR;
				GCC_WARN_UNDECLARED_SELECTOR = YES;
				GCC_WARN_UNINITIALIZED_AUTOS = YES_AGGRESSIVE;
				GCC_WARN_UNUSED_FUNCTION = YES;
				GCC_WARN_UNUSED_VARIABLE = YES;
				IPHONEOS_DEPLOYMENT_TARGET = 13.0;
				MTL_ENABLE_DEBUG_INFO = INCLUDE_SOURCE;
				MTL_FAST_MATH = YES;
				ONLY_ACTIVE_ARCH = YES;
				SDKROOT = iphoneos;
				SWIFT_ACTIVE_COMPILATION_CONDITIONS = DEBUG;
				SWIFT_OPTIMIZATION_LEVEL = "-Onone";
			};
			name = Debug;
		};
		45757B02235B1DFA00D27743 /* Release */ = {
			isa = XCBuildConfiguration;
			buildSettings = {
				ALWAYS_SEARCH_USER_PATHS = NO;
				CLANG_ANALYZER_NONNULL = YES;
				CLANG_ANALYZER_NUMBER_OBJECT_CONVERSION = YES_AGGRESSIVE;
				CLANG_CXX_LANGUAGE_STANDARD = "gnu++14";
				CLANG_CXX_LIBRARY = "libc++";
				CLANG_ENABLE_MODULES = YES;
				CLANG_ENABLE_OBJC_ARC = YES;
				CLANG_ENABLE_OBJC_WEAK = YES;
				CLANG_WARN_BLOCK_CAPTURE_AUTORELEASING = YES;
				CLANG_WARN_BOOL_CONVERSION = YES;
				CLANG_WARN_COMMA = YES;
				CLANG_WARN_CONSTANT_CONVERSION = YES;
				CLANG_WARN_DEPRECATED_OBJC_IMPLEMENTATIONS = YES;
				CLANG_WARN_DIRECT_OBJC_ISA_USAGE = YES_ERROR;
				CLANG_WARN_DOCUMENTATION_COMMENTS = YES;
				CLANG_WARN_EMPTY_BODY = YES;
				CLANG_WARN_ENUM_CONVERSION = YES;
				CLANG_WARN_INFINITE_RECURSION = YES;
				CLANG_WARN_INT_CONVERSION = YES;
				CLANG_WARN_NON_LITERAL_NULL_CONVERSION = YES;
				CLANG_WARN_OBJC_IMPLICIT_RETAIN_SELF = YES;
				CLANG_WARN_OBJC_LITERAL_CONVERSION = YES;
				CLANG_WARN_OBJC_ROOT_CLASS = YES_ERROR;
				CLANG_WARN_RANGE_LOOP_ANALYSIS = YES;
				CLANG_WARN_STRICT_PROTOTYPES = YES;
				CLANG_WARN_SUSPICIOUS_MOVE = YES;
				CLANG_WARN_UNGUARDED_AVAILABILITY = YES_AGGRESSIVE;
				CLANG_WARN_UNREACHABLE_CODE = YES;
				CLANG_WARN__DUPLICATE_METHOD_MATCH = YES;
				COPY_PHASE_STRIP = NO;
				DEBUG_INFORMATION_FORMAT = "dwarf-with-dsym";
				ENABLE_NS_ASSERTIONS = NO;
				ENABLE_STRICT_OBJC_MSGSEND = YES;
				GCC_C_LANGUAGE_STANDARD = gnu11;
				GCC_NO_COMMON_BLOCKS = YES;
				GCC_WARN_64_TO_32_BIT_CONVERSION = YES;
				GCC_WARN_ABOUT_RETURN_TYPE = YES_ERROR;
				GCC_WARN_UNDECLARED_SELECTOR = YES;
				GCC_WARN_UNINITIALIZED_AUTOS = YES_AGGRESSIVE;
				GCC_WARN_UNUSED_FUNCTION = YES;
				GCC_WARN_UNUSED_VARIABLE = YES;
				IPHONEOS_DEPLOYMENT_TARGET = 13.0;
				MTL_ENABLE_DEBUG_INFO = NO;
				MTL_FAST_MATH = YES;
				SDKROOT = iphoneos;
				SWIFT_COMPILATION_MODE = wholemodule;
				SWIFT_OPTIMIZATION_LEVEL = "-O";
				VALIDATE_PRODUCT = YES;
			};
			name = Release;
		};
		45757B04235B1DFA00D27743 /* Debug */ = {
			isa = XCBuildConfiguration;
			buildSettings = {
				ASSETCATALOG_COMPILER_APPICON_NAME = AppIcon;
				CODE_SIGN_STYLE = Automatic;
				DEVELOPMENT_ASSET_PATHS = "\"project4-swiftUI/Preview Content\"";
				DEVELOPMENT_TEAM = GGXD5E6AF8;
				ENABLE_PREVIEWS = YES;
				INFOPLIST_FILE = "project4-swiftUI/Info.plist";
				LD_RUNPATH_SEARCH_PATHS = (
					"$(inherited)",
					"@executable_path/Frameworks",
				);
				PRODUCT_BUNDLE_IDENTIFIER = "com.laurentb.project4-swiftUI";
				PRODUCT_NAME = "$(TARGET_NAME)";
				SWIFT_VERSION = 5.0;
				TARGETED_DEVICE_FAMILY = "1,2";
			};
			name = Debug;
		};
		45757B05235B1DFA00D27743 /* Release */ = {
			isa = XCBuildConfiguration;
			buildSettings = {
				ASSETCATALOG_COMPILER_APPICON_NAME = AppIcon;
				CODE_SIGN_STYLE = Automatic;
				DEVELOPMENT_ASSET_PATHS = "\"project4-swiftUI/Preview Content\"";
				DEVELOPMENT_TEAM = GGXD5E6AF8;
				ENABLE_PREVIEWS = YES;
				INFOPLIST_FILE = "project4-swiftUI/Info.plist";
				LD_RUNPATH_SEARCH_PATHS = (
					"$(inherited)",
					"@executable_path/Frameworks",
				);
				PRODUCT_BUNDLE_IDENTIFIER = "com.laurentb.project4-swiftUI";
				PRODUCT_NAME = "$(TARGET_NAME)";
				SWIFT_VERSION = 5.0;
				TARGETED_DEVICE_FAMILY = "1,2";
			};
			name = Release;
		};
/* End XCBuildConfiguration section */

/* Begin XCConfigurationList section */
		45757AE7235B1DF800D27743 /* Build configuration list for PBXProject "project4-swiftUI" */ = {
			isa = XCConfigurationList;
			buildConfigurations = (
				45757B01235B1DFA00D27743 /* Debug */,
				45757B02235B1DFA00D27743 /* Release */,
			);
			defaultConfigurationIsVisible = 0;
			defaultConfigurationName = Release;
		};
		45757B03235B1DFA00D27743 /* Build configuration list for PBXNativeTarget "project4-swiftUI" */ = {
			isa = XCConfigurationList;
			buildConfigurations = (
				45757B04235B1DFA00D27743 /* Debug */,
				45757B05235B1DFA00D27743 /* Release */,
			);
			defaultConfigurationIsVisible = 0;
			defaultConfigurationName = Release;
		};
/* End XCConfigurationList section */

/* Begin XCVersionGroup section */
		45757AF3235B1DF800D27743 /* project4_swiftUI.xcdatamodeld */ = {
			isa = XCVersionGroup;
			children = (
				45757AF4235B1DF800D27743 /* project4_swiftUI.xcdatamodel */,
			);
			currentVersion = 45757AF4235B1DF800D27743 /* project4_swiftUI.xcdatamodel */;
			path = project4_swiftUI.xcdatamodeld;
			sourceTree = "<group>";
			versionGroupType = wrapper.xcdatamodel;
		};
/* End XCVersionGroup section */
	};
	rootObject = 45757AE4235B1DF800D27743 /* Project object */;
}
